
Microsoft Visual Studio Solution File, Format Version 12.00
# Visual Studio Version 17
VisualStudioVersion = 17.11.35222.181
MinimumVisualStudioVersion = 10.0.40219.1
Project("{FAE04EC0-301F-11D3-BF4B-00C04F79EFBC}") = "5M13conFaktoryzacjaLiczby", "5M13conFaktoryzacjaLiczby\5M13conFaktoryzacjaLiczby.csproj", "{36C6A86F-8A71-4640-B11C-9AA0F7C26FF3}"
EndProject
Global
	GlobalSection(SolutionConfigurationPlatforms) = preSolution
		Debug|Any CPU = Debug|Any CPU
		Release|Any CPU = Release|Any CPU
	EndGlobalSection
	GlobalSection(ProjectConfigurationPlatforms) = postSolution
		{36C6A86F-8A71-4640-B11C-9AA0F7C26FF3}.Debug|Any CPU.ActiveCfg = Debug|Any CPU
		{36C6A86F-8A71-4640-B11C-9AA0F7C26FF3}.Debug|Any CPU.Build.0 = Debug|Any CPU
		{36C6A86F-8A71-4640-B11C-9AA0F7C26FF3}.Release|Any CPU.ActiveCfg = Release|Any CPU
		{36C6A86F-8A71-4640-B11C-9AA0F7C26FF3}.Release|Any CPU.Build.0 = Release|Any CPU
	EndGlobalSection
	GlobalSection(SolutionProperties) = preSolution
		HideSolutionNode = FALSE
	EndGlobalSection
	GlobalSection(ExtensibilityGlobals) = postSolution
		SolutionGuid = {5F2BA043-DC85-4692-A39A-4338212BF24A}
	EndGlobalSection
EndGlobal
